{
    "_meta": {
        "hash": {
            "sha256": "d132eacb098cf8ea2879589a3a0e6496bb1ef8e1758de72484c749e3a2594a63"
        },
        "pipfile-spec": 6,
        "requires": {
            "python_version": "3.11"
        },
        "sources": [
            {
                "name": "pypi",
                "url": "https://pypi.org/simple",
                "verify_ssl": true
            }
        ]
    },
    "default": {
        "asgiref": {
            "hashes": [
                "sha256:89b2ef2247e3b562a16eef663bc0e2e703ec6468e2fa8a5cd61cd449786d4f6e",
                "sha256:9e0ce3aa93a819ba5b45120216b23878cf6e8525eb3848653452b4192b92afed"
            ],
            "markers": "python_version >= '3.7'",
            "version": "==3.7.2"
        },
        "click": {
            "hashes": [
                "sha256:ae74fb96c20a0277a1d615f1e4d73c8414f5a98db8b799a7931d1582f3390c28",
                "sha256:ca9853ad459e787e2192211578cc907e7594e294c7ccc834310722b41b9ca6de"
            ],
            "markers": "python_version >= '3.7'",
            "version": "==8.1.7"
        },
        "colorama": {
            "hashes": [
                "sha256:08695f5cb7ed6e0531a20572697297273c47b8cae5a63ffc6d6ed5c201be6e44",
                "sha256:4f1d9991f5acc0ca119f9d443620b77f9d6b33703e51011c16baf57afb285fc6"
            ],
            "markers": "platform_system == 'Windows'",
            "version": "==0.4.6"
        },
        "django": {
            "hashes": [
                "sha256:8c8659665bc6e3a44fefe1ab0a291e5a3fb3979f9a8230be29de975e57e8f854",
                "sha256:f47a37a90b9bbe2c8ec360235192c7fddfdc832206fcf618bb849b39256affc1"
            ],
            "index": "pypi",
            "markers": "python_version >= '3.10'",
            "version": "==5.0.1"
        },
        "dnspython": {
            "hashes": [
                "sha256:6facdf76b73c742ccf2d07add296f178e629da60be23ce4b0a9c927b1e02c3a6",
                "sha256:a0034815a59ba9ae888946be7ccca8f7c157b286f8455b379c692efb51022a15"
            ],
            "markers": "python_version >= '3.8'",
            "version": "==2.5.0"
        },
        "joblib": {
            "hashes": [
                "sha256:92f865e621e17784e7955080b6d042489e3b8e294949cc44c6eac304f59772b1",
                "sha256:ef4331c65f239985f3f2220ecc87db222f08fd22097a3dd5698f693875f8cbb9"
            ],
            "markers": "python_version >= '3.7'",
            "version": "==1.3.2"
        },
        "nltk": {
            "hashes": [
                "sha256:1834da3d0682cba4f2cede2f9aad6b0fafb6461ba451db0efb6f9c39798d64d3",
                "sha256:fd5c9109f976fa86bcadba8f91e47f5e9293bd034474752e92a520f81c93dda5"
            ],
            "index": "pypi",
            "markers": "python_version >= '3.7'",
            "version": "==3.8.1"
        },
        "numpy": {
            "hashes": [
                "sha256:02f98011ba4ab17f46f80f7f8f1c291ee7d855fcef0a5a98db80767a468c85cd",
                "sha256:0b7e807d6888da0db6e7e75838444d62495e2b588b99e90dd80c3459594e857b",
                "sha256:12c70ac274b32bc00c7f61b515126c9205323703abb99cd41836e8125ea0043e",
                "sha256:1666f634cb3c80ccbd77ec97bc17337718f56d6658acf5d3b906ca03e90ce87f",
                "sha256:18c3319a7d39b2c6a9e3bb75aab2304ab79a811ac0168a671a62e6346c29b03f",
                "sha256:211ddd1e94817ed2d175b60b6374120244a4dd2287f4ece45d49228b4d529178",
                "sha256:21a9484e75ad018974a2fdaa216524d64ed4212e418e0a551a2d83403b0531d3",
                "sha256:39763aee6dfdd4878032361b30b2b12593fb445ddb66bbac802e2113eb8a6ac4",
                "sha256:3c67423b3703f8fbd90f5adaa37f85b5794d3366948efe9a5190a5f3a83fc34e",
                "sha256:46f47ee566d98849323f01b349d58f2557f02167ee301e5e28809a8c0e27a2d0",
                "sha256:51c7f1b344f302067b02e0f5b5d2daa9ed4a721cf49f070280ac202738ea7f00",
                "sha256:5f24750ef94d56ce6e33e4019a8a4d68cfdb1ef661a52cdaee628a56d2437419",
                "sha256:697df43e2b6310ecc9d95f05d5ef20eacc09c7c4ecc9da3f235d39e71b7da1e4",
                "sha256:6d45b3ec2faed4baca41c76617fcdcfa4f684ff7a151ce6fc78ad3b6e85af0a6",
                "sha256:77810ef29e0fb1d289d225cabb9ee6cf4d11978a00bb99f7f8ec2132a84e0166",
                "sha256:7ca4f24341df071877849eb2034948459ce3a07915c2734f1abb4018d9c49d7b",
                "sha256:7f784e13e598e9594750b2ef6729bcd5a47f6cfe4a12cca13def35e06d8163e3",
                "sha256:806dd64230dbbfaca8a27faa64e2f414bf1c6622ab78cc4264f7f5f028fee3bf",
                "sha256:867e3644e208c8922a3be26fc6bbf112a035f50f0a86497f98f228c50c607bb2",
                "sha256:8c66d6fec467e8c0f975818c1796d25c53521124b7cfb760114be0abad53a0a2",
                "sha256:8ed07a90f5450d99dad60d3799f9c03c6566709bd53b497eb9ccad9a55867f36",
                "sha256:9bc6d1a7f8cedd519c4b7b1156d98e051b726bf160715b769106661d567b3f03",
                "sha256:9e1591f6ae98bcfac2a4bbf9221c0b92ab49762228f38287f6eeb5f3f55905ce",
                "sha256:9e87562b91f68dd8b1c39149d0323b42e0082db7ddb8e934ab4c292094d575d6",
                "sha256:a7081fd19a6d573e1a05e600c82a1c421011db7935ed0d5c483e9dd96b99cf13",
                "sha256:a8474703bffc65ca15853d5fd4d06b18138ae90c17c8d12169968e998e448bb5",
                "sha256:af36e0aa45e25c9f57bf684b1175e59ea05d9a7d3e8e87b7ae1a1da246f2767e",
                "sha256:b1240f767f69d7c4c8a29adde2310b871153df9b26b5cb2b54a561ac85146485",
                "sha256:b4d362e17bcb0011738c2d83e0a65ea8ce627057b2fdda37678f4374a382a137",
                "sha256:b831295e5472954104ecb46cd98c08b98b49c69fdb7040483aff799a755a7374",
                "sha256:b8c275f0ae90069496068c714387b4a0eba5d531aace269559ff2b43655edd58",
                "sha256:bdd2b45bf079d9ad90377048e2747a0c82351989a2165821f0c96831b4a2a54b",
                "sha256:cc0743f0302b94f397a4a65a660d4cd24267439eb16493fb3caad2e4389bccbb",
                "sha256:da4b0c6c699a0ad73c810736303f7fbae483bcb012e38d7eb06a5e3b432c981b",
                "sha256:f25e2811a9c932e43943a2615e65fc487a0b6b49218899e62e426e7f0a57eeda",
                "sha256:f73497e8c38295aaa4741bdfa4fda1a5aedda5473074369eca10626835445511"
            ],
            "markers": "python_version >= '3.9'",
            "version": "==1.26.3"
        },
        "pymongo": {
            "hashes": [
                "sha256:00c199e1c593e2c8b033136d7a08f0c376452bac8a896c923fcd6f419e07bdd2",
                "sha256:010bc9aa90fd06e5cc52c8fac2c2fd4ef1b5f990d9638548dde178005770a5e8",
                "sha256:026a24a36394dc8930cbcb1d19d5eb35205ef3c838a7e619e04bd170713972e7",
                "sha256:061598cbc6abe2f382ab64c9caa83faa2f4c51256f732cdd890bcc6e63bfb67e",
                "sha256:13552ca505366df74e3e2f0a4f27c363928f3dff0eef9f281eb81af7f29bc3c5",
                "sha256:13d613c866f9f07d51180f9a7da54ef491d130f169e999c27e7633abe8619ec9",
                "sha256:144a31391a39a390efce0c5ebcaf4bf112114af4384c90163f402cec5ede476b",
                "sha256:1461199b07903fc1424709efafe379205bf5f738144b1a50a08b0396357b5abf",
                "sha256:154b361dcb358ad377d5d40df41ee35f1cc14c8691b50511547c12404f89b5cb",
                "sha256:1c5654bb8bb2bdb10e7a0bc3c193dd8b49a960b9eebc4381ff5a2043f4c3c441",
                "sha256:1de3c6faf948f3edd4e738abdb4b76572b4f4fdfc1fed4dad02427e70c5a6219",
                "sha256:1ed23b0e2dac6f84f44c8494fbceefe6eb5c35db5c1099f56ab78fc0d94ab3af",
                "sha256:1f2b856518bfcfa316c8dae3d7b412aecacf2e8ba30b149f5eb3b63128d703b9",
                "sha256:2346450a075625c4d6166b40a013b605a38b6b6168ce2232b192a37fb200d588",
                "sha256:262356ea5fcb13d35fb2ab6009d3927bafb9504ef02339338634fffd8a9f1ae4",
                "sha256:27b81ecf18031998ad7db53b960d1347f8f29e8b7cb5ea7b4394726468e4295e",
                "sha256:2940aa20e9cc328e8ddeacea8b9a6f5ddafe0b087fedad928912e787c65b4909",
                "sha256:2d4ccac3053b84a09251da8f5350bb684cbbf8c8c01eda6b5418417d0a8ab198",
                "sha256:2dd2f6960ee3c9360bed7fb3c678be0ca2d00f877068556785ec2eb6b73d2414",
                "sha256:3071ec998cc3d7b4944377e5f1217c2c44b811fae16f9a495c7a1ce9b42fb038",
                "sha256:3094c7d2f820eecabadae76bfec02669567bbdd1730eabce10a5764778564f7b",
                "sha256:30b2c9caf3e55c2e323565d1f3b7e7881ab87db16997dc0cbca7c52885ed2347",
                "sha256:3177f783ae7e08aaf7b2802e0df4e4b13903520e8380915e6337cdc7a6ff01d8",
                "sha256:31dab1f3e1d0cdd57e8df01b645f52d43cc1b653ed3afd535d2891f4fc4f9712",
                "sha256:33bb16a07d3cc4e0aea37b242097cd5f7a156312012455c2fa8ca396953b11c4",
                "sha256:349093675a2d3759e4fb42b596afffa2b2518c890492563d7905fac503b20daa",
                "sha256:39d77d8bbb392fa443831e6d4ae534237b1f4eee6aa186f0cdb4e334ba89536e",
                "sha256:3a7f02a58a0c2912734105e05dedbee4f7507e6f1bd132ebad520be0b11d46fd",
                "sha256:3b287e814a01deddb59b88549c1e0c87cefacd798d4afc0c8bd6042d1c3d48aa",
                "sha256:3c74f4725485f0a7a3862cfd374cc1b740cebe4c133e0c1425984bcdcce0f4bb",
                "sha256:3cadf7f4c8e94d8a77874b54a63c80af01f4d48c4b669c8b6867f86a07ba994f",
                "sha256:3d18a9b9b858ee140c15c5bfcb3e66e47e2a70a03272c2e72adda2482f76a6ad",
                "sha256:3f0e6a6c807fa887a0c51cc24fe7ea51bb9e496fe88f00d7930063372c3664c3",
                "sha256:4344c30025210b9fa80ec257b0e0aab5aa1d5cca91daa70d82ab97b482cc038e",
                "sha256:4497d49d785482cc1a44a0ddf8830b036a468c088e72a05217f5b60a9e025012",
                "sha256:547dc5d7f834b1deefda51aedb11a7af9c51c45e689e44e14aa85d44147c7657",
                "sha256:5556e306713e2522e460287615d26c0af0fe5ed9d4f431dad35c6624c5d277e9",
                "sha256:55dac73316e7e8c2616ba2e6f62b750918e9e0ae0b2053699d66ca27a7790105",
                "sha256:56816e43c92c2fa8c11dc2a686f0ca248bea7902f4a067fa6cbc77853b0f041e",
                "sha256:5bd94c503271e79917b27c6e77f7c5474da6930b3fb9e70a12e68c2dff386b9a",
                "sha256:5ec31adc2e988fd7db3ab509954791bbc5a452a03c85e45b804b4bfc31fa221d",
                "sha256:69247f7a2835fc0984bbf0892e6022e9a36aec70e187fcfe6cae6a373eb8c4de",
                "sha256:6a0ae7a48a6ef82ceb98a366948874834b86c84e288dbd55600c1abfc3ac1d88",
                "sha256:6a1810c2cbde714decf40f811d1edc0dae45506eb37298fd9d4247b8801509fe",
                "sha256:6dcc95f4bb9ed793714b43f4f23a7b0c57e4ef47414162297d6f650213512c19",
                "sha256:76013fef1c9cd1cd00d55efde516c154aa169f2bf059b197c263a255ba8a9ddf",
                "sha256:77e0df59b1a4994ad30c6d746992ae887f9756a43fc25dec2db515d94cf0222d",
                "sha256:7bb0e9049e81def6829d09558ad12d16d0454c26cabe6efc3658e544460688d9",
                "sha256:88beb444fb438385e53dc9110852910ec2a22f0eab7dd489e827038fdc19ed8d",
                "sha256:8b47ebd89e69fbf33d1c2df79759d7162fc80c7652dacfec136dae1c9b3afac7",
                "sha256:8d219b4508f71d762368caec1fc180960569766049bbc4d38174f05e8ef2fe5b",
                "sha256:8ec75f35f62571a43e31e7bd11749d974c1b5cd5ea4a8388725d579263c0fdf6",
                "sha256:9167e735379ec43d8eafa3fd675bfbb12e2c0464f98960586e9447d2cf2c7a83",
                "sha256:9a710c184ba845afb05a6f876edac8f27783ba70e52d5eaf939f121fc13b2f59",
                "sha256:9aafd036f6f2e5ad109aec92f8dbfcbe76cff16bad683eb6dd18013739c0b3ae",
                "sha256:9c79d597fb3a7c93d7c26924db7497eba06d58f88f58e586aa69b2ad89fee0f8",
                "sha256:a2831e05ce0a4df10c4ac5399ef50b9a621f90894c2a4d2945dc5658765514ed",
                "sha256:a5e641f931c5cd95b376fd3c59db52770e17bec2bf86ef16cc83b3906c054845",
                "sha256:b10d8cda9fc2fcdcfa4a000aa10413a2bf8b575852cd07cb8a595ed09689ca98",
                "sha256:b435b13bb8e36be11b75f7384a34eefe487fe87a6267172964628e2b14ecf0a7",
                "sha256:b7b1a83ce514700276a46af3d9e481ec381f05b64939effc9065afe18456a6b9",
                "sha256:b8729dbf25eb32ad0dc0b9bd5e6a0d0b7e5c2dc8ec06ad171088e1896b522a74",
                "sha256:bbed8cccebe1169d45cedf00461b2842652d476d2897fd1c42cf41b635d88746",
                "sha256:c258dbacfff1224f13576147df16ce3c02024a0d792fd0323ac01bed5d3c545d",
                "sha256:c30a9e06041fbd7a7590693ec5e407aa8737ad91912a1e70176aff92e5c99d20",
                "sha256:c91ea3915425bd4111cb1b74511cdc56d1d16a683a48bf2a5a96b6a6c0f297f7",
                "sha256:d0355cff58a4ed6d5e5f6b9c3693f52de0784aa0c17119394e2a8e376ce489d4",
                "sha256:d483793a384c550c2d12cb794ede294d303b42beff75f3b3081f57196660edaf",
                "sha256:d4c2be9760b112b1caf649b4977b81b69893d75aa86caf4f0f398447be871f3c",
                "sha256:d8e62d06e90f60ea2a3d463ae51401475568b995bafaffd81767d208d84d7bb1",
                "sha256:da08ea09eefa6b960c2dd9a68ec47949235485c623621eb1d6c02b46765322ac",
                "sha256:dd1fa413f8b9ba30140de198e4f408ffbba6396864c7554e0867aa7363eb58b2",
                "sha256:e2aced6fb2f5261b47d267cb40060b73b6527e64afe54f6497844c9affed5fd0",
                "sha256:e438417ce1dc5b758742e12661d800482200b042d03512a8f31f6aaa9137ad40",
                "sha256:e470fa4bace5f50076c32f4b3cc182b31303b4fefb9b87f990144515d572820b",
                "sha256:eaf2f65190c506def2581219572b9c70b8250615dc918b3b7c218361a51ec42e",
                "sha256:ef102a67ede70e1721fe27f75073b5314911dbb9bc27cde0a1c402a11531e7bd",
                "sha256:ef801027629c5b511cf2ba13b9be29bfee36ae834b2d95d9877818479cdc99ea",
                "sha256:f7acc03a4f1154ba2643edeb13658d08598fe6e490c3dd96a241b94f09801626",
                "sha256:f9756f1d25454ba6a3c2f1ef8b7ddec23e5cdeae3dc3c3377243ae37a383db00",
                "sha256:ff62ba8ff70f01ab4fe0ae36b2cb0b5d1f42e73dfc81ddf0758cd9f77331ad25",
                "sha256:ff925f1cca42e933376d09ddc254598f8c5fcd36efc5cac0118bb36c36217c41"
            ],
            "index": "pypi",
            "markers": "python_version >= '3.7'",
            "version": "==4.6.1"
        },
        "regex": {
            "hashes": [
                "sha256:0694219a1d54336fd0445ea382d49d36882415c0134ee1e8332afd1529f0baa5",
                "sha256:086dd15e9435b393ae06f96ab69ab2d333f5d65cbe65ca5a3ef0ec9564dfe770",
                "sha256:094ba386bb5c01e54e14434d4caabf6583334090865b23ef58e0424a6286d3dc",
                "sha256:09da66917262d9481c719599116c7dc0c321ffcec4b1f510c4f8a066f8768105",
                "sha256:0ecf44ddf9171cd7566ef1768047f6e66975788258b1c6c6ca78098b95cf9a3d",
                "sha256:0fda75704357805eb953a3ee15a2b240694a9a514548cd49b3c5124b4e2ad01b",
                "sha256:11a963f8e25ab5c61348d090bf1b07f1953929c13bd2309a0662e9ff680763c9",
                "sha256:150c39f5b964e4d7dba46a7962a088fbc91f06e606f023ce57bb347a3b2d4630",
                "sha256:1b9d811f72210fa9306aeb88385b8f8bcef0dfbf3873410413c00aa94c56c2b6",
                "sha256:1e0eabac536b4cc7f57a5f3d095bfa557860ab912f25965e08fe1545e2ed8b4c",
                "sha256:22a86d9fff2009302c440b9d799ef2fe322416d2d58fc124b926aa89365ec482",
                "sha256:22f3470f7524b6da61e2020672df2f3063676aff444db1daa283c2ea4ed259d6",
                "sha256:263ef5cc10979837f243950637fffb06e8daed7f1ac1e39d5910fd29929e489a",
                "sha256:283fc8eed679758de38fe493b7d7d84a198b558942b03f017b1f94dda8efae80",
                "sha256:29171aa128da69afdf4bde412d5bedc335f2ca8fcfe4489038577d05f16181e5",
                "sha256:298dc6354d414bc921581be85695d18912bea163a8b23cac9a2562bbcd5088b1",
                "sha256:2aae8101919e8aa05ecfe6322b278f41ce2994c4a430303c4cd163fef746e04f",
                "sha256:2f4e475a80ecbd15896a976aa0b386c5525d0ed34d5c600b6d3ebac0a67c7ddf",
                "sha256:34e4af5b27232f68042aa40a91c3b9bb4da0eeb31b7632e0091afc4310afe6cb",
                "sha256:37f8e93a81fc5e5bd8db7e10e62dc64261bcd88f8d7e6640aaebe9bc180d9ce2",
                "sha256:3a17d3ede18f9cedcbe23d2daa8a2cd6f59fe2bf082c567e43083bba3fb00347",
                "sha256:3b1de218d5375cd6ac4b5493e0b9f3df2be331e86520f23382f216c137913d20",
                "sha256:43f7cd5754d02a56ae4ebb91b33461dc67be8e3e0153f593c509e21d219c5060",
                "sha256:4558410b7a5607a645e9804a3e9dd509af12fb72b9825b13791a37cd417d73a5",
                "sha256:4719bb05094d7d8563a450cf8738d2e1061420f79cfcc1fa7f0a44744c4d8f73",
                "sha256:4bfc2b16e3ba8850e0e262467275dd4d62f0d045e0e9eda2bc65078c0110a11f",
                "sha256:518440c991f514331f4850a63560321f833979d145d7d81186dbe2f19e27ae3d",
                "sha256:51f4b32f793812714fd5307222a7f77e739b9bc566dc94a18126aba3b92b98a3",
                "sha256:531ac6cf22b53e0696f8e1d56ce2396311254eb806111ddd3922c9d937151dae",
                "sha256:5cd05d0f57846d8ba4b71d9c00f6f37d6b97d5e5ef8b3c3840426a475c8f70f4",
                "sha256:5dd58946bce44b53b06d94aa95560d0b243eb2fe64227cba50017a8d8b3cd3e2",
                "sha256:60080bb3d8617d96f0fb7e19796384cc2467447ef1c491694850ebd3670bc457",
                "sha256:636ba0a77de609d6510235b7f0e77ec494d2657108f777e8765efc060094c98c",
                "sha256:67d3ccfc590e5e7197750fcb3a2915b416a53e2de847a728cfa60141054123d4",
                "sha256:68191f80a9bad283432385961d9efe09d783bcd36ed35a60fb1ff3f1ec2efe87",
                "sha256:7502534e55c7c36c0978c91ba6f61703faf7ce733715ca48f499d3dbbd7657e0",
                "sha256:7aa47c2e9ea33a4a2a05f40fcd3ea36d73853a2aae7b4feab6fc85f8bf2c9704",
                "sha256:7d2af3f6b8419661a0c421584cfe8aaec1c0e435ce7e47ee2a97e344b98f794f",
                "sha256:7e316026cc1095f2a3e8cc012822c99f413b702eaa2ca5408a513609488cb62f",
                "sha256:88ad44e220e22b63b0f8f81f007e8abbb92874d8ced66f32571ef8beb0643b2b",
                "sha256:88d1f7bef20c721359d8675f7d9f8e414ec5003d8f642fdfd8087777ff7f94b5",
                "sha256:89723d2112697feaa320c9d351e5f5e7b841e83f8b143dba8e2d2b5f04e10923",
                "sha256:8a0ccf52bb37d1a700375a6b395bff5dd15c50acb745f7db30415bae3c2b0715",
                "sha256:8c2c19dae8a3eb0ea45a8448356ed561be843b13cbc34b840922ddf565498c1c",
                "sha256:905466ad1702ed4acfd67a902af50b8db1feeb9781436372261808df7a2a7bca",
                "sha256:9852b76ab558e45b20bf1893b59af64a28bd3820b0c2efc80e0a70a4a3ea51c1",
                "sha256:98a2636994f943b871786c9e82bfe7883ecdaba2ef5df54e1450fa9869d1f756",
                "sha256:9aa1a67bbf0f957bbe096375887b2505f5d8ae16bf04488e8b0f334c36e31360",
                "sha256:9eda5f7a50141291beda3edd00abc2d4a5b16c29c92daf8d5bd76934150f3edc",
                "sha256:a6d1047952c0b8104a1d371f88f4ab62e6275567d4458c1e26e9627ad489b445",
                "sha256:a9b6d73353f777630626f403b0652055ebfe8ff142a44ec2cf18ae470395766e",
                "sha256:a9cc99d6946d750eb75827cb53c4371b8b0fe89c733a94b1573c9dd16ea6c9e4",
                "sha256:ad83e7545b4ab69216cef4cc47e344d19622e28aabec61574b20257c65466d6a",
                "sha256:b014333bd0217ad3d54c143de9d4b9a3ca1c5a29a6d0d554952ea071cff0f1f8",
                "sha256:b43523d7bc2abd757119dbfb38af91b5735eea45537ec6ec3a5ec3f9562a1c53",
                "sha256:b521dcecebc5b978b447f0f69b5b7f3840eac454862270406a39837ffae4e697",
                "sha256:b77e27b79448e34c2c51c09836033056a0547aa360c45eeeb67803da7b0eedaf",
                "sha256:b7a635871143661feccce3979e1727c4e094f2bdfd3ec4b90dfd4f16f571a87a",
                "sha256:b7fca9205b59c1a3d5031f7e64ed627a1074730a51c2a80e97653e3e9fa0d415",
                "sha256:ba1b30765a55acf15dce3f364e4928b80858fa8f979ad41f862358939bdd1f2f",
                "sha256:ba99d8077424501b9616b43a2d208095746fb1284fc5ba490139651f971d39d9",
                "sha256:c25a8ad70e716f96e13a637802813f65d8a6760ef48672aa3502f4c24ea8b400",
                "sha256:c3c4a78615b7762740531c27cf46e2f388d8d727d0c0c739e72048beb26c8a9d",
                "sha256:c40281f7d70baf6e0db0c2f7472b31609f5bc2748fe7275ea65a0b4601d9b392",
                "sha256:c7ad32824b7f02bb3c9f80306d405a1d9b7bb89362d68b3c5a9be53836caebdb",
                "sha256:cb3fe77aec8f1995611f966d0c656fdce398317f850d0e6e7aebdfe61f40e1cd",
                "sha256:cc038b2d8b1470364b1888a98fd22d616fba2b6309c5b5f181ad4483e0017861",
                "sha256:cc37b9aeebab425f11f27e5e9e6cf580be7206c6582a64467a14dda211abc232",
                "sha256:cc6bb9aa69aacf0f6032c307da718f61a40cf970849e471254e0e91c56ffca95",
                "sha256:d126361607b33c4eb7b36debc173bf25d7805847346dd4d99b5499e1fef52bc7",
                "sha256:d15b274f9e15b1a0b7a45d2ac86d1f634d983ca40d6b886721626c47a400bf39",
                "sha256:d166eafc19f4718df38887b2bbe1467a4f74a9830e8605089ea7a30dd4da8887",
                "sha256:d498eea3f581fbe1b34b59c697512a8baef88212f92e4c7830fcc1499f5b45a5",
                "sha256:d6f7e255e5fa94642a0724e35406e6cb7001c09d476ab5fce002f652b36d0c39",
                "sha256:d78bd484930c1da2b9679290a41cdb25cc127d783768a0369d6b449e72f88beb",
                "sha256:d865984b3f71f6d0af64d0d88f5733521698f6c16f445bb09ce746c92c97c586",
                "sha256:d902a43085a308cef32c0d3aea962524b725403fd9373dea18110904003bac97",
                "sha256:d94a1db462d5690ebf6ae86d11c5e420042b9898af5dcf278bd97d6bda065423",
                "sha256:da695d75ac97cb1cd725adac136d25ca687da4536154cdc2815f576e4da11c69",
                "sha256:db2a0b1857f18b11e3b0e54ddfefc96af46b0896fb678c85f63fb8c37518b3e7",
                "sha256:df26481f0c7a3f8739fecb3e81bc9da3fcfae34d6c094563b9d4670b047312e1",
                "sha256:e14b73607d6231f3cc4622809c196b540a6a44e903bcfad940779c80dffa7be7",
                "sha256:e2610e9406d3b0073636a3a2e80db05a02f0c3169b5632022b4e81c0364bcda5",
                "sha256:e692296c4cc2873967771345a876bcfc1c547e8dd695c6b89342488b0ea55cd8",
                "sha256:e693e233ac92ba83a87024e1d32b5f9ab15ca55ddd916d878146f4e3406b5c91",
                "sha256:e81469f7d01efed9b53740aedd26085f20d49da65f9c1f41e822a33992cb1590",
                "sha256:e8c7e08bb566de4faaf11984af13f6bcf6a08f327b13631d41d62592681d24fe",
                "sha256:ed19b3a05ae0c97dd8f75a5d8f21f7723a8c33bbc555da6bbe1f96c470139d3c",
                "sha256:efb2d82f33b2212898f1659fb1c2e9ac30493ac41e4d53123da374c3b5541e64",
                "sha256:f44dd4d68697559d007462b0a3a1d9acd61d97072b71f6d1968daef26bc744bd",
                "sha256:f72cbae7f6b01591f90814250e636065850c5926751af02bb48da94dfced7baa",
                "sha256:f7bc09bc9c29ebead055bcba136a67378f03d66bf359e87d0f7c759d6d4ffa31",
                "sha256:ff100b203092af77d1a5a7abe085b3506b7eaaf9abf65b73b7d6905b6cb76988"
            ],
            "markers": "python_version >= '3.7'",
            "version": "==2023.12.25"
        },
        "scikit-learn": {
            "hashes": [
                "sha256:05fc5915b716c6cc60a438c250108e9a9445b522975ed37e416d5ea4f9a63381",
                "sha256:0aba2a20d89936d6e72d95d05e3bf1db55bca5c5920926ad7b92c34f5e7d3bbe",
                "sha256:0db8e22c42f7980fe5eb22069b1f84c48966f3e0d23a01afde5999e3987a2501",
                "sha256:0f33bbafb310c26b81c4d41ecaebdbc1f63498a3f13461d50ed9a2e8f24d28e4",
                "sha256:11b3b140f70fbc9f6a08884631ae8dd60a4bb2d7d6d1de92738ea42b740d8992",
                "sha256:1d041bc95006b545b59e458399e3175ab11ca7a03dc9a74a573ac891f5df1489",
                "sha256:2404659fedec40eeafa310cd14d613e564d13dbf8f3c752d31c095195ec05de6",
                "sha256:27ae4b0f1b2c77107c096a7e05b33458354107b47775428d1f11b23e30a73e8a",
                "sha256:2b465dd1dcd237b7b1dcd1a9048ccbf70a98c659474324fa708464c3a2533fad",
                "sha256:2bac5d56b992f8f06816f2cd321eb86071c6f6d44bb4b1cb3d626525820d754b",
                "sha256:349669b01435bc4dbf25c6410b0892073befdaec52637d1a1d1ff53865dc8db3",
                "sha256:53b9e29177897c37e2ff9d4ba6ca12fdb156e22523e463db05def303f5c72b5c",
                "sha256:5c5c62ffb52c3ffb755eb21fa74cc2cbf2c521bd53f5c04eaa10011dbecf5f80",
                "sha256:74812c9eabb265be69d738a8ea8d4884917a59637fcbf88a5f0e9020498bc6b3",
                "sha256:76986d22e884ab062b1beecdd92379656e9d3789ecc1f9870923c178de55f9fe",
                "sha256:785ce3c352bf697adfda357c3922c94517a9376002971bc5ea50896144bc8916",
                "sha256:7f0d2018ac6fa055dab65fe8a485967990d33c672d55bc254c56c35287b02fab",
                "sha256:80a21de63275f8bcd7877b3e781679d2ff1eddfed515a599f95b2502a3283d42",
                "sha256:833999872e2920ce00f3a50839946bdac7539454e200eb6db54898a41f4bfd43",
                "sha256:842b7d6989f3c574685e18da6f91223eb32301d0f93903dd399894250835a6f7",
                "sha256:88bcb586fdff865372df1bc6be88bb7e6f9e0aa080dab9f54f5cac7eca8e2b6b",
                "sha256:8b6ac1442ec714b4911e5aef8afd82c691b5c88b525ea58299d455acc4e8dcec",
                "sha256:91a8918c415c4b4bf1d60c38d32958849a9191c2428ab35d30b78354085c7c7a",
                "sha256:923d778f378ebacca2c672ab1740e5a413e437fb45ab45ab02578f8b689e5d43",
                "sha256:970ec697accaef10fb4f51763f3a7b1250f9f0553cf05514d0e94905322a0172",
                "sha256:a0e2427d9ef46477625ab9b55c1882844fe6fc500f418c3f8e650200182457bc",
                "sha256:a6372c90bbf302387792108379f1ec77719c1618d88496d0df30cb8e370b4661",
                "sha256:a8341eabdc754d5ab91641a7763243845e96b6d68e03e472531e88a4f1b09f21",
                "sha256:aad2a63e0dd386b92da3270887a29b308af4d7c750d8c4995dfd9a4798691bcc",
                "sha256:c408b46b2fd61952d519ea1af2f8f0a7a703e1433923ab1704c4131520b2083b",
                "sha256:cb8f044a8f5962613ce1feb4351d66f8d784bd072d36393582f351859b065f7d",
                "sha256:d1f6bce875ac2bb6b52514f67c185c564ccd299a05b65b7bab091a4c13dde12d",
                "sha256:d3d75343940e7bf9b85c830c93d34039fa015eeb341c5c0b4cd7a90dadfe00d4",
                "sha256:d4373c984eba20e393216edd51a3e3eede56cbe93d4247516d205643c3b93121",
                "sha256:d439c584e58434d0350701bd33f6c10b309e851fccaf41c121aed55f6851d8cf",
                "sha256:d77df3d1e15fc37a9329999979fa7868ba8655dbab21fe97fc7ddabac9e08cc7",
                "sha256:e22446ad89f1cb7657f0d849dcdc345b48e2d10afa3daf2925fdb740f85b714c",
                "sha256:e7eef6ea2ed289af40e88c0be9f7704ca8b5de18508a06897c3fe21e0905efdf",
                "sha256:e98632da8f6410e6fb6bf66937712c949b4010600ccd3f22a5388a83e610cc3c",
                "sha256:f77674647dd31f56cb12ed13ed25b6ed43a056fffef051715022d2ebffd7a7d1",
                "sha256:fce93a7473e2f4ee4cc280210968288d6a7d7ad8dc6fa7bb7892145e407085f9"
            ],
            "index": "pypi",
            "markers": "python_version >= '3.9'",
            "version": "==1.4.0"
        },
        "scipy": {
            "hashes": [
                "sha256:196ebad3a4882081f62a5bf4aeb7326aa34b110e533aab23e4374fcccb0890dc",
                "sha256:408c68423f9de16cb9e602528be4ce0d6312b05001f3de61fe9ec8b1263cad08",
                "sha256:4bf5abab8a36d20193c698b0f1fc282c1d083c94723902c447e5d2f1780936a3",
                "sha256:4c1020cad92772bf44b8e4cdabc1df5d87376cb219742549ef69fc9fd86282dd",
                "sha256:5adfad5dbf0163397beb4aca679187d24aec085343755fcdbdeb32b3679f254c",
                "sha256:5e32847e08da8d895ce09d108a494d9eb78974cf6de23063f93306a3e419960c",
                "sha256:6546dc2c11a9df6926afcbdd8a3edec28566e4e785b915e849348c6dd9f3f490",
                "sha256:730badef9b827b368f351eacae2e82da414e13cf8bd5051b4bdfd720271a5371",
                "sha256:75ea2a144096b5e39402e2ff53a36fecfd3b960d786b7efd3c180e29c39e53f2",
                "sha256:78e4402e140879387187f7f25d91cc592b3501a2e51dfb320f48dfb73565f10b",
                "sha256:8b8066bce124ee5531d12a74b617d9ac0ea59245246410e19bca549656d9a40a",
                "sha256:8bee4993817e204d761dba10dbab0774ba5a8612e57e81319ea04d84945375ba",
                "sha256:913d6e7956c3a671de3b05ccb66b11bc293f56bfdef040583a7221d9e22a2e35",
                "sha256:95e5c750d55cf518c398a8240571b0e0782c2d5a703250872f36eaf737751338",
                "sha256:9c39f92041f490422924dfdb782527a4abddf4707616e07b021de33467f917bc",
                "sha256:a24024d45ce9a675c1fb8494e8e5244efea1c7a09c60beb1eeb80373d0fecc70",
                "sha256:a7ebda398f86e56178c2fa94cad15bf457a218a54a35c2a7b4490b9f9cb2676c",
                "sha256:b360f1b6b2f742781299514e99ff560d1fe9bd1bff2712894b52abe528d1fd1e",
                "sha256:bba1b0c7256ad75401c73e4b3cf09d1f176e9bd4248f0d3112170fb2ec4db067",
                "sha256:c3003652496f6e7c387b1cf63f4bb720951cfa18907e998ea551e6de51a04467",
                "sha256:e53958531a7c695ff66c2e7bb7b79560ffdc562e2051644c5576c39ff8efb563",
                "sha256:e646d8571804a304e1da01040d21577685ce8e2db08ac58e543eaca063453e1c",
                "sha256:e7e76cc48638228212c747ada851ef355c2bb5e7f939e10952bc504c11f4e372",
                "sha256:f5f00ebaf8de24d14b8449981a2842d404152774c1a1d880c901bf454cb8e2a1",
                "sha256:f7ce148dffcd64ade37b2df9315541f9adad6efcaa86866ee7dd5db0c8f041c3"
            ],
            "markers": "python_version >= '3.9'",
            "version": "==1.12.0"
        },
        "sqlparse": {
            "hashes": [
                "sha256:5430a4fe2ac7d0f93e66f1efc6e1338a41884b7ddf2a350cedd20ccc4d9d28f3",
                "sha256:d446183e84b8349fa3061f0fe7f06ca94ba65b426946ffebe6e3e8295332420c"
            ],
            "markers": "python_version >= '3.5'",
            "version": "==0.4.4"
        },
        "threadpoolctl": {
            "hashes": [
                "sha256:2b7818516e423bdaebb97c723f86a7c6b0a83d3f3b0970328d66f4d9104dc032",
                "sha256:c96a0ba3bdddeaca37dc4cc7344aafad41cdb8c313f74fdfe387a867bba93355"
            ],
            "markers": "python_version >= '3.8'",
            "version": "==3.2.0"
        },
        "tqdm": {
            "hashes": [
                "sha256:d302b3c5b53d47bce91fea46679d9c3c6508cf6332229aa1e7d8653723793386",
                "sha256:d88e651f9db8d8551a62556d3cff9e3034274ca5d66e93197cf2490e2dcb69c7"
            ],
            "markers": "python_version >= '3.7'",
            "version": "==4.66.1"
        },
        "tzdata": {
            "hashes": [
                "sha256:aa3ace4329eeacda5b7beb7ea08ece826c28d761cda36e747cfbf97996d39bf3",
                "sha256:dd54c94f294765522c77399649b4fefd95522479a664a0cec87f41bebc6148c9"
            ],
            "markers": "sys_platform == 'win32'",
            "version": "==2023.4"
        }
    },
    "develop": {}
}
